
Microsoft Visual Studio Solution File, Format Version 12.00
# Visual Studio Version 16
VisualStudioVersion = 16.0.29001.49
MinimumVisualStudioVersion = 10.0.40219.1
Project("{9A19103F-16F7-4668-BE54-9A1E7A4F7556}") = "npmsreg", "npmsreg.csproj", "{7545B550-503A-4644-A329-2A55F4A3A423}"
EndProject
Project("{FAE04EC0-301F-11D3-BF4B-00C04F79EFBC}") = "WebApplication1", "..\WebApplication1\WebApplication1.csproj", "{7E3D7234-FEB5-4151-B9A1-11B977B3EAC7}"
EndProject
Global
	GlobalSection(SolutionConfigurationPlatforms) = preSolution
		Debug|Any CPU = Debug|Any CPU
		Release|Any CPU = Release|Any CPU
	EndGlobalSection
	GlobalSection(ProjectConfigurationPlatforms) = postSolution
		{7545B550-503A-4644-A329-2A55F4A3A423}.Debug|Any CPU.ActiveCfg = Debug|Any CPU
		{7545B550-503A-4644-A329-2A55F4A3A423}.Debug|Any CPU.Build.0 = Debug|Any CPU
		{7545B550-503A-4644-A329-2A55F4A3A423}.Release|Any CPU.ActiveCfg = Release|Any CPU
		{7545B550-503A-4644-A329-2A55F4A3A423}.Release|Any CPU.Build.0 = Release|Any CPU
		{7E3D7234-FEB5-4151-B9A1-11B977B3EAC7}.Debug|Any CPU.ActiveCfg = Debug|Any CPU
		{7E3D7234-FEB5-4151-B9A1-11B977B3EAC7}.Debug|Any CPU.Build.0 = Debug|Any CPU
		{7E3D7234-FEB5-4151-B9A1-11B977B3EAC7}.Release|Any CPU.ActiveCfg = Release|Any CPU
		{7E3D7234-FEB5-4151-B9A1-11B977B3EAC7}.Release|Any CPU.Build.0 = Release|Any CPU
	EndGlobalSection
	GlobalSection(SolutionProperties) = preSolution
		HideSolutionNode = FALSE
	EndGlobalSection
	GlobalSection(ExtensibilityGlobals) = postSolution
		SolutionGuid = {353F8B8A-037C-4AAC-A1E3-49F20B795F04}
	EndGlobalSection
EndGlobal
